// !$*UTF8*$!
{
	archiveVersion = 1;
	classes = {
	};
	objectVersion = 77;
	objects = {

/* Begin PBXContainerItemProxy section */
		14DDF51D2D480B5A00CD8957 /* PBXContainerItemProxy */ = {
			isa = PBXContainerItemProxy;
			containerPortal = 14DDF5022D480B5800CD8957 /* Project object */;
			proxyType = 1;
			remoteGlobalIDString = 14DDF5092D480B5800CD8957;
			remoteInfo = CafeFlair;
		};
		14DDF5272D480B5A00CD8957 /* PBXContainerItemProxy */ = {
			isa = PBXContainerItemProxy;
			containerPortal = 14DDF5022D480B5800CD8957 /* Project object */;
			proxyType = 1;
			remoteGlobalIDString = 14DDF5092D480B5800CD8957;
			remoteInfo = CafeFlair;
		};
/* End PBXContainerItemProxy section */

/* Begin PBXFileReference section */
		14DDF50A2D480B5800CD8957 /* CafeFlair.app */ = {isa = PBXFileReference; explicitFileType = wrapper.application; includeInIndex = 0; path = CafeFlair.app; sourceTree = BUILT_PRODUCTS_DIR; };
		14DDF51C2D480B5A00CD8957 /* CafeFlairTests.xctest */ = {isa = PBXFileReference; explicitFileType = wrapper.cfbundle; includeInIndex = 0; path = CafeFlairTests.xctest; sourceTree = BUILT_PRODUCTS_DIR; };
		14DDF5262D480B5A00CD8957 /* CafeFlairUITests.xctest */ = {isa = PBXFileReference; explicitFileType = wrapper.cfbundle; includeInIndex = 0; path = CafeFlairUITests.xctest; sourceTree = BUILT_PRODUCTS_DIR; };
/* End PBXFileReference section */

/* Begin PBXFileSystemSynchronizedRootGroup section */
		14DDF50C2D480B5800CD8957 /* CafeFlair */ = {
			isa = PBXFileSystemSynchronizedRootGroup;
			path = CafeFlair;
			sourceTree = "<group>";
		};
		14DDF51F2D480B5A00CD8957 /* CafeFlairTests */ = {
			isa = PBXFileSystemSynchronizedRootGroup;
			path = CafeFlairTests;
			sourceTree = "<group>";
		};
		14DDF5292D480B5A00CD8957 /* CafeFlairUITests */ = {
			isa = PBXFileSystemSynchronizedRootGroup;
			path = CafeFlairUITests;
			sourceTree = "<group>";
		};
/* End PBXFileSystemSynchronizedRootGroup section */

/* Begin PBXFrameworksBuildPhase section */
		14DDF5072D480B5800CD8957 /* Frameworks */ = {
			isa = PBXFrameworksBuildPhase;
			buildActionMask = 2147483647;
			files = (
			);
			runOnlyForDeploymentPostprocessing = 0;
		};
		14DDF5192D480B5A00CD8957 /* Frameworks */ = {
			isa = PBXFrameworksBuildPhase;
			buildActionMask = 2147483647;
			files = (
			);
			runOnlyForDeploymentPostprocessing = 0;
		};
		14DDF5232D480B5A00CD8957 /* Frameworks */ = {
			isa = PBXFrameworksBuildPhase;
			buildActionMask = 2147483647;
			files = (
			);
			runOnlyForDeploymentPostprocessing = 0;
		};
/* End PBXFrameworksBuildPhase section */

/* Begin PBXGroup section */
		14DDF5012D480B5800CD8957 = {
			isa = PBXGroup;
			children = (
				14DDF50C2D480B5800CD8957 /* CafeFlair */,
				14DDF51F2D480B5A00CD8957 /* CafeFlairTests */,
				14DDF5292D480B5A00CD8957 /* CafeFlairUITests */,
				14DDF50B2D480B5800CD8957 /* Products */,
			);
			sourceTree = "<group>";
		};
		14DDF50B2D480B5800CD8957 /* Products */ = {
			isa = PBXGroup;
			children = (
				14DDF50A2D480B5800CD8957 /* CafeFlair.app */,
				14DDF51C2D480B5A00CD8957 /* CafeFlairTests.xctest */,
				14DDF5262D480B5A00CD8957 /* CafeFlairUITests.xctest */,
			);
			name = Products;
			sourceTree = "<group>";
		};
/* End PBXGroup section */

/* Begin PBXNativeTarget section */
		14DDF5092D480B5800CD8957 /* CafeFlair */ = {
			isa = PBXNativeTarget;
			buildConfigurationList = 14DDF5302D480B5A00CD8957 /* Build configuration list for PBXNativeTarget "CafeFlair" */;
			buildPhases = (
				14DDF5062D480B5800CD8957 /* Sources */,
				14DDF5072D480B5800CD8957 /* Frameworks */,
				14DDF5082D480B5800CD8957 /* Resources */,
			);
			buildRules = (
			);
			dependencies = (
			);
			fileSystemSynchronizedGroups = (
				14DDF50C2D480B5800CD8957 /* CafeFlair */,
			);
			name = CafeFlair;
			packageProductDependencies = (
			);
			productName = CafeFlair;
			productReference = 14DDF50A2D480B5800CD8957 /* CafeFlair.app */;
			productType = "com.apple.product-type.application";
		};
		14DDF51B2D480B5A00CD8957 /* CafeFlairTests */ = {
			isa = PBXNativeTarget;
			buildConfigurationList = 14DDF5332D480B5A00CD8957 /* Build configuration list for PBXNativeTarget "CafeFlairTests" */;
			buildPhases = (
				14DDF5182D480B5A00CD8957 /* Sources */,
				14DDF5192D480B5A00CD8957 /* Frameworks */,
				14DDF51A2D480B5A00CD8957 /* Resources */,
			);
			buildRules = (
			);
			dependencies = (
				14DDF51E2D480B5A00CD8957 /* PBXTargetDependency */,
			);
			fileSystemSynchronizedGroups = (
				14DDF51F2D480B5A00CD8957 /* CafeFlairTests */,
			);
			name = CafeFlairTests;
			packageProductDependencies = (
			);
			productName = CafeFlairTests;
			productReference = 14DDF51C2D480B5A00CD8957 /* CafeFlairTests.xctest */;
			productType = "com.apple.product-type.bundle.unit-test";
		};
		14DDF5252D480B5A00CD8957 /* CafeFlairUITests */ = {
			isa = PBXNativeTarget;
			buildConfigurationList = 14DDF5362D480B5A00CD8957 /* Build configuration list for PBXNativeTarget "CafeFlairUITests" */;
			buildPhases = (
				14DDF5222D480B5A00CD8957 /* Sources */,
				14DDF5232D480B5A00CD8957 /* Frameworks */,
				14DDF5242D480B5A00CD8957 /* Resources */,
			);
			buildRules = (
			);
			dependencies = (
				14DDF5282D480B5A00CD8957 /* PBXTargetDependency */,
			);
			fileSystemSynchronizedGroups = (
				14DDF5292D480B5A00CD8957 /* CafeFlairUITests */,
			);
			name = CafeFlairUITests;
			packageProductDependencies = (
			);
			productName = CafeFlairUITests;
			productReference = 14DDF5262D480B5A00CD8957 /* CafeFlairUITests.xctest */;
			productType = "com.apple.product-type.bundle.ui-testing";
		};
/* End PBXNativeTarget section */

/* Begin PBXProject section */
		14DDF5022D480B5800CD8957 /* Project object */ = {
			isa = PBXProject;
			attributes = {
				BuildIndependentTargetsInParallel = 1;
				LastSwiftUpdateCheck = 1620;
				LastUpgradeCheck = 1620;
				TargetAttributes = {
					14DDF5092D480B5800CD8957 = {
						CreatedOnToolsVersion = 16.2;
					};
					14DDF51B2D480B5A00CD8957 = {
						CreatedOnToolsVersion = 16.2;
						TestTargetID = 14DDF5092D480B5800CD8957;
					};
					14DDF5252D480B5A00CD8957 = {
						CreatedOnToolsVersion = 16.2;
						TestTargetID = 14DDF5092D480B5800CD8957;
					};
				};
			};
			buildConfigurationList = 14DDF5052D480B5800CD8957 /* Build configuration list for PBXProject "CafeFlair" */;
			developmentRegion = en;
			hasScannedForEncodings = 0;
			knownRegions = (
				en,
				Base,
			);
			mainGroup = 14DDF5012D480B5800CD8957;
			minimizedProjectReferenceProxies = 1;
			preferredProjectObjectVersion = 77;
			productRefGroup = 14DDF50B2D480B5800CD8957 /* Products */;
			projectDirPath = "";
			projectRoot = "";
			targets = (
				14DDF5092D480B5800CD8957 /* CafeFlair */,
				14DDF51B2D480B5A00CD8957 /* CafeFlairTests */,
				14DDF5252D480B5A00CD8957 /* CafeFlairUITests */,
			);
		};
/* End PBXProject section */

/* Begin PBXResourcesBuildPhase section */
		14DDF5082D480B5800CD8957 /* Resources */ = {
			isa = PBXResourcesBuildPhase;
			buildActionMask = 2147483647;
			files = (
			);
			runOnlyForDeploymentPostprocessing = 0;
		};
		14DDF51A2D480B5A00CD8957 /* Resources */ = {
			isa = PBXResourcesBuildPhase;
			buildActionMask = 2147483647;
			files = (
			);
			runOnlyForDeploymentPostprocessing = 0;
		};
		14DDF5242D480B5A00CD8957 /* Resources */ = {
			isa = PBXResourcesBuildPhase;
			buildActionMask = 2147483647;
			files = (
			);
			runOnlyForDeploymentPostprocessing = 0;
		};
/* End PBXResourcesBuildPhase section */

/* Begin PBXSourcesBuildPhase section */
		14DDF5062D480B5800CD8957 /* Sources */ = {
			isa = PBXSourcesBuildPhase;
			buildActionMask = 2147483647;
			files = (
			);
			runOnlyForDeploymentPostprocessing = 0;
		};
		14DDF5182D480B5A00CD8957 /* Sources */ = {
			isa = PBXSourcesBuildPhase;
			buildActionMask = 2147483647;
			files = (
			);
			runOnlyForDeploymentPostprocessing = 0;
		};
		14DDF5222D480B5A00CD8957 /* Sources */ = {
			isa = PBXSourcesBuildPhase;
			buildActionMask = 2147483647;
			files = (
			);
			runOnlyForDeploymentPostprocessing = 0;
		};
/* End PBXSourcesBuildPhase section */

/* Begin PBXTargetDependency section */
		14DDF51E2D480B5A00CD8957 /* PBXTargetDependency */ = {
			isa = PBXTargetDependency;
			target = 14DDF5092D480B5800CD8957 /* CafeFlair */;
			targetProxy = 14DDF51D2D480B5A00CD8957 /* PBXContainerItemProxy */;
		};
		14DDF5282D480B5A00CD8957 /* PBXTargetDependency */ = {
			isa = PBXTargetDependency;
			target = 14DDF5092D480B5800CD8957 /* CafeFlair */;
			targetProxy = 14DDF5272D480B5A00CD8957 /* PBXContainerItemProxy */;
		};
/* End PBXTargetDependency section */

/* Begin XCBuildConfiguration section */
		14DDF52E2D480B5A00CD8957 /* Debug */ = {
			isa = XCBuildConfiguration;
			buildSettings = {
				ALWAYS_SEARCH_USER_PATHS = NO;
				ASSETCATALOG_COMPILER_GENERATE_SWIFT_ASSET_SYMBOL_EXTENSIONS = YES;
				CLANG_ANALYZER_NONNULL = YES;
				CLANG_ANALYZER_NUMBER_OBJECT_CONVERSION = YES_AGGRESSIVE;
				CLANG_CXX_LANGUAGE_STANDARD = "gnu++20";
				CLANG_ENABLE_MODULES = YES;
				CLANG_ENABLE_OBJC_ARC = YES;
				CLANG_ENABLE_OBJC_WEAK = YES;
				CLANG_WARN_BLOCK_CAPTURE_AUTORELEASING = YES;
				CLANG_WARN_BOOL_CONVERSION = YES;
				CLANG_WARN_COMMA = YES;
				CLANG_WARN_CONSTANT_CONVERSION = YES;
				CLANG_WARN_DEPRECATED_OBJC_IMPLEMENTATIONS = YES;
				CLANG_WARN_DIRECT_OBJC_ISA_USAGE = YES_ERROR;
				CLANG_WARN_DOCUMENTATION_COMMENTS = YES;
				CLANG_WARN_EMPTY_BODY = YES;
				CLANG_WARN_ENUM_CONVERSION = YES;
				CLANG_WARN_INFINITE_RECURSION = YES;
				CLANG_WARN_INT_CONVERSION = YES;
				CLANG_WARN_NON_LITERAL_NULL_CONVERSION = YES;
				CLANG_WARN_OBJC_IMPLICIT_RETAIN_SELF = YES;
				CLANG_WARN_OBJC_LITERAL_CONVERSION = YES;
				CLANG_WARN_OBJC_ROOT_CLASS = YES_ERROR;
				CLANG_WARN_QUOTED_INCLUDE_IN_FRAMEWORK_HEADER = YES;
				CLANG_WARN_RANGE_LOOP_ANALYSIS = YES;
				CLANG_WARN_STRICT_PROTOTYPES = YES;
				CLANG_WARN_SUSPICIOUS_MOVE = YES;
				CLANG_WARN_UNGUARDED_AVAILABILITY = YES_AGGRESSIVE;
				CLANG_WARN_UNREACHABLE_CODE = YES;
				CLANG_WARN__DUPLICATE_METHOD_MATCH = YES;
				COPY_PHASE_STRIP = NO;
				DEBUG_INFORMATION_FORMAT = dwarf;
				ENABLE_STRICT_OBJC_MSGSEND = YES;
				ENABLE_TESTABILITY = YES;
				ENABLE_USER_SCRIPT_SANDBOXING = YES;
				GCC_C_LANGUAGE_STANDARD = gnu17;
				GCC_DYNAMIC_NO_PIC = NO;
				GCC_NO_COMMON_BLOCKS = YES;
				GCC_OPTIMIZATION_LEVEL = 0;
				GCC_PREPROCESSOR_DEFINITIONS = (
					"DEBUG=1",
					"$(inherited)",
				);
				GCC_WARN_64_TO_32_BIT_CONVERSION = YES;
				GCC_WARN_ABOUT_RETURN_TYPE = YES_ERROR;
				GCC_WARN_UNDECLARED_SELECTOR = YES;
				GCC_WARN_UNINITIALIZED_AUTOS = YES_AGGRESSIVE;
				GCC_WARN_UNUSED_FUNCTION = YES;
				GCC_WARN_UNUSED_VARIABLE = YES;
				IPHONEOS_DEPLOYMENT_TARGET = 18.2;
				LOCALIZATION_PREFERS_STRING_CATALOGS = YES;
				MTL_ENABLE_DEBUG_INFO = INCLUDE_SOURCE;
				MTL_FAST_MATH = YES;
				ONLY_ACTIVE_ARCH = YES;
				SDKROOT = iphoneos;
				SWIFT_ACTIVE_COMPILATION_CONDITIONS = "DEBUG $(inherited)";
				SWIFT_OPTIMIZATION_LEVEL = "-Onone";
			};
			name = Debug;
		};
		14DDF52F2D480B5A00CD8957 /* Release */ = {
			isa = XCBuildConfiguration;
			buildSettings = {
				ALWAYS_SEARCH_USER_PATHS = NO;
				ASSETCATALOG_COMPILER_GENERATE_SWIFT_ASSET_SYMBOL_EXTENSIONS = YES;
				CLANG_ANALYZER_NONNULL = YES;
				CLANG_ANALYZER_NUMBER_OBJECT_CONVERSION = YES_AGGRESSIVE;
				CLANG_CXX_LANGUAGE_STANDARD = "gnu++20";
				CLANG_ENABLE_MODULES = YES;
				CLANG_ENABLE_OBJC_ARC = YES;
				CLANG_ENABLE_OBJC_WEAK = YES;
				CLANG_WARN_BLOCK_CAPTURE_AUTORELEASING = YES;
				CLANG_WARN_BOOL_CONVERSION = YES;
				CLANG_WARN_COMMA = YES;
				CLANG_WARN_CONSTANT_CONVERSION = YES;
				CLANG_WARN_DEPRECATED_OBJC_IMPLEMENTATIONS = YES;
				CLANG_WARN_DIRECT_OBJC_ISA_USAGE = YES_ERROR;
				CLANG_WARN_DOCUMENTATION_COMMENTS = YES;
				CLANG_WARN_EMPTY_BODY = YES;
				CLANG_WARN_ENUM_CONVERSION = YES;
				CLANG_WARN_INFINITE_RECURSION = YES;
				CLANG_WARN_INT_CONVERSION = YES;
				CLANG_WARN_NON_LITERAL_NULL_CONVERSION = YES;
				CLANG_WARN_OBJC_IMPLICIT_RETAIN_SELF = YES;
				CLANG_WARN_OBJC_LITERAL_CONVERSION = YES;
				CLANG_WARN_OBJC_ROOT_CLASS = YES_ERROR;
				CLANG_WARN_QUOTED_INCLUDE_IN_FRAMEWORK_HEADER = YES;
				CLANG_WARN_RANGE_LOOP_ANALYSIS = YES;
				CLANG_WARN_STRICT_PROTOTYPES = YES;
				CLANG_WARN_SUSPICIOUS_MOVE = YES;
				CLANG_WARN_UNGUARDED_AVAILABILITY = YES_AGGRESSIVE;
				CLANG_WARN_UNREACHABLE_CODE = YES;
				CLANG_WARN__DUPLICATE_METHOD_MATCH = YES;
				COPY_PHASE_STRIP = NO;
				DEBUG_INFORMATION_FORMAT = "dwarf-with-dsym";
				ENABLE_NS_ASSERTIONS = NO;
				ENABLE_STRICT_OBJC_MSGSEND = YES;
				ENABLE_USER_SCRIPT_SANDBOXING = YES;
				GCC_C_LANGUAGE_STANDARD = gnu17;
				GCC_NO_COMMON_BLOCKS = YES;
				GCC_WARN_64_TO_32_BIT_CONVERSION = YES;
				GCC_WARN_ABOUT_RETURN_TYPE = YES_ERROR;
				GCC_WARN_UNDECLARED_SELECTOR = YES;
				GCC_WARN_UNINITIALIZED_AUTOS = YES_AGGRESSIVE;
				GCC_WARN_UNUSED_FUNCTION = YES;
				GCC_WARN_UNUSED_VARIABLE = YES;
				IPHONEOS_DEPLOYMENT_TARGET = 18.2;
				LOCALIZATION_PREFERS_STRING_CATALOGS = YES;
				MTL_ENABLE_DEBUG_INFO = NO;
				MTL_FAST_MATH = YES;
				SDKROOT = iphoneos;
				SWIFT_COMPILATION_MODE = wholemodule;
				VALIDATE_PRODUCT = YES;
			};
			name = Release;
		};
		14DDF5312D480B5A00CD8957 /* Debug */ = {
			isa = XCBuildConfiguration;
			buildSettings = {
				ASSETCATALOG_COMPILER_APPICON_NAME = AppIcon;
				ASSETCATALOG_COMPILER_GLOBAL_ACCENT_COLOR_NAME = AccentColor;
				CODE_SIGN_STYLE = Automatic;
				CURRENT_PROJECT_VERSION = 1;
				DEVELOPMENT_ASSET_PATHS = "\"CafeFlair/Preview Content\"";
				DEVELOPMENT_TEAM = H599VK9PCU;
				ENABLE_PREVIEWS = YES;
				GENERATE_INFOPLIST_FILE = YES;
				INFOPLIST_KEY_UIApplicationSceneManifest_Generation = YES;
				INFOPLIST_KEY_UIApplicationSupportsIndirectInputEvents = YES;
				INFOPLIST_KEY_UILaunchScreen_Generation = YES;
				INFOPLIST_KEY_UISupportedInterfaceOrientations_iPad = "UIInterfaceOrientationPortrait UIInterfaceOrientationPortraitUpsideDown UIInterfaceOrientationLandscapeLeft UIInterfaceOrientationLandscapeRight";
				INFOPLIST_KEY_UISupportedInterfaceOrientations_iPhone = "UIInterfaceOrientationPortrait UIInterfaceOrientationLandscapeLeft UIInterfaceOrientationLandscapeRight";
				IPHONEOS_DEPLOYMENT_TARGET = 17.5;
				LD_RUNPATH_SEARCH_PATHS = (
					"$(inherited)",
					"@executable_path/Frameworks",
				);
				MARKETING_VERSION = 1.0;
				PRODUCT_BUNDLE_IDENTIFIER = com.CafeFlair;
				PRODUCT_NAME = "$(TARGET_NAME)";
				SWIFT_EMIT_LOC_STRINGS = YES;
				SWIFT_VERSION = 5.0;
				TARGETED_DEVICE_FAMILY = "1,2";
			};
			name = Debug;
		};
		14DDF5322D480B5A00CD8957 /* Release */ = {
			isa = XCBuildConfiguration;
			buildSettings = {
				ASSETCATALOG_COMPILER_APPICON_NAME = AppIcon;
				ASSETCATALOG_COMPILER_GLOBAL_ACCENT_COLOR_NAME = AccentColor;
				CODE_SIGN_STYLE = Automatic;
				CURRENT_PROJECT_VERSION = 1;
				DEVELOPMENT_ASSET_PATHS = "\"CafeFlair/Preview Content\"";
				DEVELOPMENT_TEAM = H599VK9PCU;
				ENABLE_PREVIEWS = YES;
				GENERATE_INFOPLIST_FILE = YES;
				INFOPLIST_KEY_UIApplicationSceneManifest_Generation = YES;
				INFOPLIST_KEY_UIApplicationSupportsIndirectInputEvents = YES;
				INFOPLIST_KEY_UILaunchScreen_Generation = YES;
				INFOPLIST_KEY_UISupportedInterfaceOrientations_iPad = "UIInterfaceOrientationPortrait UIInterfaceOrientationPortraitUpsideDown UIInterfaceOrientationLandscapeLeft UIInterfaceOrientationLandscapeRight";
				INFOPLIST_KEY_UISupportedInterfaceOrientations_iPhone = "UIInterfaceOrientationPortrait UIInterfaceOrientationLandscapeLeft UIInterfaceOrientationLandscapeRight";
				IPHONEOS_DEPLOYMENT_TARGET = 17.5;
				LD_RUNPATH_SEARCH_PATHS = (
					"$(inherited)",
					"@executable_path/Frameworks",
				);
				MARKETING_VERSION = 1.0;
				PRODUCT_BUNDLE_IDENTIFIER = com.CafeFlair;
				PRODUCT_NAME = "$(TARGET_NAME)";
				SWIFT_EMIT_LOC_STRINGS = YES;
				SWIFT_VERSION = 5.0;
				TARGETED_DEVICE_FAMILY = "1,2";
			};
			name = Release;
		};
		14DDF5342D480B5A00CD8957 /* Debug */ = {
			isa = XCBuildConfiguration;
			buildSettings = {
				BUNDLE_LOADER = "$(TEST_HOST)";
				CODE_SIGN_STYLE = Automatic;
				CURRENT_PROJECT_VERSION = 1;
				GENERATE_INFOPLIST_FILE = YES;
				IPHONEOS_DEPLOYMENT_TARGET = 18.2;
				MARKETING_VERSION = 1.0;
				PRODUCT_BUNDLE_IDENTIFIER = com.CafeFlairTests;
				PRODUCT_NAME = "$(TARGET_NAME)";
				SWIFT_EMIT_LOC_STRINGS = NO;
				SWIFT_VERSION = 5.0;
				TARGETED_DEVICE_FAMILY = "1,2";
				TEST_HOST = "$(BUILT_PRODUCTS_DIR)/CafeFlair.app/$(BUNDLE_EXECUTABLE_FOLDER_PATH)/CafeFlair";
			};
			name = Debug;
		};
		14DDF5352D480B5A00CD8957 /* Release */ = {
			isa = XCBuildConfiguration;
			buildSettings = {
				BUNDLE_LOADER = "$(TEST_HOST)";
				CODE_SIGN_STYLE = Automatic;
				CURRENT_PROJECT_VERSION = 1;
				GENERATE_INFOPLIST_FILE = YES;
				IPHONEOS_DEPLOYMENT_TARGET = 18.2;
				MARKETING_VERSION = 1.0;
				PRODUCT_BUNDLE_IDENTIFIER = com.CafeFlairTests;
				PRODUCT_NAME = "$(TARGET_NAME)";
				SWIFT_EMIT_LOC_STRINGS = NO;
				SWIFT_VERSION = 5.0;
				TARGETED_DEVICE_FAMILY = "1,2";
				TEST_HOST = "$(BUILT_PRODUCTS_DIR)/CafeFlair.app/$(BUNDLE_EXECUTABLE_FOLDER_PATH)/CafeFlair";
			};
			name = Release;
		};
		14DDF5372D480B5A00CD8957 /* Debug */ = {
			isa = XCBuildConfiguration;
			buildSettings = {
				CODE_SIGN_STYLE = Automatic;
				CURRENT_PROJECT_VERSION = 1;
				GENERATE_INFOPLIST_FILE = YES;
				MARKETING_VERSION = 1.0;
				PRODUCT_BUNDLE_IDENTIFIER = com.CafeFlairUITests;
				PRODUCT_NAME = "$(TARGET_NAME)";
				SWIFT_EMIT_LOC_STRINGS = NO;
				SWIFT_VERSION = 5.0;
				TARGETED_DEVICE_FAMILY = "1,2";
				TEST_TARGET_NAME = CafeFlair;
			};
			name = Debug;
		};
		14DDF5382D480B5A00CD8957 /* Release */ = {
			isa = XCBuildConfiguration;
			buildSettings = {
				CODE_SIGN_STYLE = Automatic;
				CURRENT_PROJECT_VERSION = 1;
				GENERATE_INFOPLIST_FILE = YES;
				MARKETING_VERSION = 1.0;
				PRODUCT_BUNDLE_IDENTIFIER = com.CafeFlairUITests;
				PRODUCT_NAME = "$(TARGET_NAME)";
				SWIFT_EMIT_LOC_STRINGS = NO;
				SWIFT_VERSION = 5.0;
				TARGETED_DEVICE_FAMILY = "1,2";
				TEST_TARGET_NAME = CafeFlair;
			};
			name = Release;
		};
/* End XCBuildConfiguration section */

/* Begin XCConfigurationList section */
		14DDF5052D480B5800CD8957 /* Build configuration list for PBXProject "CafeFlair" */ = {
			isa = XCConfigurationList;
			buildConfigurations = (
				14DDF52E2D480B5A00CD8957 /* Debug */,
				14DDF52F2D480B5A00CD8957 /* Release */,
			);
			defaultConfigurationIsVisible = 0;
			defaultConfigurationName = Release;
		};
		14DDF5302D480B5A00CD8957 /* Build configuration list for PBXNativeTarget "CafeFlair" */ = {
			isa = XCConfigurationList;
			buildConfigurations = (
				14DDF5312D480B5A00CD8957 /* Debug */,
				14DDF5322D480B5A00CD8957 /* Release */,
			);
			defaultConfigurationIsVisible = 0;
			defaultConfigurationName = Release;
		};
		14DDF5332D480B5A00CD8957 /* Build configuration list for PBXNativeTarget "CafeFlairTests" */ = {
			isa = XCConfigurationList;
			buildConfigurations = (
				14DDF5342D480B5A00CD8957 /* Debug */,
				14DDF5352D480B5A00CD8957 /* Release */,
			);
			defaultConfigurationIsVisible = 0;
			defaultConfigurationName = Release;
		};
		14DDF5362D480B5A00CD8957 /* Build configuration list for PBXNativeTarget "CafeFlairUITests" */ = {
			isa = XCConfigurationList;
			buildConfigurations = (
				14DDF5372D480B5A00CD8957 /* Debug */,
				14DDF5382D480B5A00CD8957 /* Release */,
			);
			defaultConfigurationIsVisible = 0;
			defaultConfigurationName = Release;
		};
/* End XCConfigurationList section */
	};
	rootObject = 14DDF5022D480B5800CD8957 /* Project object */;
}
